// !$*UTF8*$!
{
	archiveVersion = 1;
	classes = {
	};
	objectVersion = 46;
	objects = {

/* Begin PBXBuildFile section */
		55C3C3CFC6C84F488572B570 /* libPods.a in Frameworks */ = {isa = PBXBuildFile; fileRef = 4FD71C79D415455F8DAB6718 /* libPods.a */; };
		67EF2A40EC9114F899AB701D /* MAConstants.m in Sources */ = {isa = PBXBuildFile; fileRef = 67EF21A8CF822FA5157F20CB /* MAConstants.m */; };
		94A131CE17EB9CA500E1B15D /* MAGameManager.m in Sources */ = {isa = PBXBuildFile; fileRef = 94A131CD17EB9CA500E1B15D /* MAGameManager.m */; };
		94C6D22617EBB0F900F30187 /* CoreLocation.framework in Frameworks */ = {isa = PBXBuildFile; fileRef = 94C6D22517EBB0F900F30187 /* CoreLocation.framework */; };
		94C6D22817EC0D2F00F30187 /* AVFoundation.framework in Frameworks */ = {isa = PBXBuildFile; fileRef = 94C6D22717EC0D2F00F30187 /* AVFoundation.framework */; };
		94C6D22A17EC151000F30187 /* CoreImage.framework in Frameworks */ = {isa = PBXBuildFile; fileRef = 94C6D22917EC151000F30187 /* CoreImage.framework */; };
		94C6D22C17EC151B00F30187 /* CoreMedia.framework in Frameworks */ = {isa = PBXBuildFile; fileRef = 94C6D22B17EC151B00F30187 /* CoreMedia.framework */; };
		94C6D22E17EC152E00F30187 /* CoreVideo.framework in Frameworks */ = {isa = PBXBuildFile; fileRef = 94C6D22D17EC152E00F30187 /* CoreVideo.framework */; };
		94C6D23017EC15AA00F30187 /* ImageIO.framework in Frameworks */ = {isa = PBXBuildFile; fileRef = 94C6D22F17EC15AA00F30187 /* ImageIO.framework */; };
		94C6D23217EC15D000F30187 /* QuartzCore.framework in Frameworks */ = {isa = PBXBuildFile; fileRef = 94C6D23117EC15D000F30187 /* QuartzCore.framework */; };
		94D4D65D17F78EAD008E0F7A /* MACoinAnnotation.m in Sources */ = {isa = PBXBuildFile; fileRef = 94D4D65C17F78EAD008E0F7A /* MACoinAnnotation.m */; };
		94D4D66017F79860008E0F7A /* MAPlayerAnnotation.m in Sources */ = {isa = PBXBuildFile; fileRef = 94D4D65F17F79860008E0F7A /* MAPlayerAnnotation.m */; };
		94D4D66217F79A6B008E0F7A /* Images.xcassets in Resources */ = {isa = PBXBuildFile; fileRef = 94D4D66117F79A6B008E0F7A /* Images.xcassets */; };
		94FDAF0B17F2245C00D284D4 /* MAGameListCell.m in Sources */ = {isa = PBXBuildFile; fileRef = 94FDAF0A17F2245C00D284D4 /* MAGameListCell.m */; };
		94FDAF0D17F236C100D284D4 /* MapKit.framework in Frameworks */ = {isa = PBXBuildFile; fileRef = 94FDAF0C17F236C100D284D4 /* MapKit.framework */; };
		94FDAF1217F4A60B00D284D4 /* karla.otf in Resources */ = {isa = PBXBuildFile; fileRef = 94FDAF0F17F4A60B00D284D4 /* karla.otf */; };
		94FDAF1317F4A60B00D284D4 /* lovebit.ttf in Resources */ = {isa = PBXBuildFile; fileRef = 94FDAF1017F4A60B00D284D4 /* lovebit.ttf */; };
		94FDAF1417F4A60B00D284D4 /* mensch.ttf in Resources */ = {isa = PBXBuildFile; fileRef = 94FDAF1117F4A60B00D284D4 /* mensch.ttf */; };
		94FDAF2017F5660F00D284D4 /* MALovebitTextField.m in Sources */ = {isa = PBXBuildFile; fileRef = 94FDAF1F17F5660E00D284D4 /* MALovebitTextField.m */; };
		BD69CBC317EA68B900E63C71 /* MANearbyGamesViewController.m in Sources */ = {isa = PBXBuildFile; fileRef = BD69CBC217EA68B900E63C71 /* MANearbyGamesViewController.m */; };
		BD69CBCF17EA695B00E63C71 /* MALaunchViewController.m in Sources */ = {isa = PBXBuildFile; fileRef = BD69CBCE17EA695B00E63C71 /* MALaunchViewController.m */; };
		BD69CBD217EA69D200E63C71 /* MAHelpViewController.m in Sources */ = {isa = PBXBuildFile; fileRef = BD69CBD117EA69D200E63C71 /* MAHelpViewController.m */; };
		BD69CBD517EA6B9C00E63C71 /* MAGameViewController.m in Sources */ = {isa = PBXBuildFile; fileRef = BD69CBD417EA6B9C00E63C71 /* MAGameViewController.m */; };
		BDADFD6617EA41C000CB11B8 /* UIKit.framework in Frameworks */ = {isa = PBXBuildFile; fileRef = BDADFD6517EA41C000CB11B8 /* UIKit.framework */; };
		BDADFD6817EA41C000CB11B8 /* Foundation.framework in Frameworks */ = {isa = PBXBuildFile; fileRef = BDADFD6717EA41C000CB11B8 /* Foundation.framework */; };
		BDADFD6A17EA41C000CB11B8 /* CoreGraphics.framework in Frameworks */ = {isa = PBXBuildFile; fileRef = BDADFD6917EA41C000CB11B8 /* CoreGraphics.framework */; };
		BDADFD7017EA41C000CB11B8 /* InfoPlist.strings in Resources */ = {isa = PBXBuildFile; fileRef = BDADFD6E17EA41C000CB11B8 /* InfoPlist.strings */; };
		BDADFD7217EA41C000CB11B8 /* main.m in Sources */ = {isa = PBXBuildFile; fileRef = BDADFD7117EA41C000CB11B8 /* main.m */; };
		BDADFD7617EA41C000CB11B8 /* MAAppDelegate.m in Sources */ = {isa = PBXBuildFile; fileRef = BDADFD7517EA41C000CB11B8 /* MAAppDelegate.m */; };
		BDADFD7817EA41C000CB11B8 /* Default.png in Resources */ = {isa = PBXBuildFile; fileRef = BDADFD7717EA41C000CB11B8 /* Default.png */; };
		BDADFD7A17EA41C000CB11B8 /* Default@2x.png in Resources */ = {isa = PBXBuildFile; fileRef = BDADFD7917EA41C000CB11B8 /* Default@2x.png */; };
		BDADFD7C17EA41C000CB11B8 /* Default-568h@2x.png in Resources */ = {isa = PBXBuildFile; fileRef = BDADFD7B17EA41C000CB11B8 /* Default-568h@2x.png */; };
		BDADFD7F17EA41C000CB11B8 /* MainStoryboard.storyboard in Resources */ = {isa = PBXBuildFile; fileRef = BDADFD7D17EA41C000CB11B8 /* MainStoryboard.storyboard */; };
		BE2228E717EA601500EFF703 /* MAUdpConnection.m in Sources */ = {isa = PBXBuildFile; fileRef = BE2228E617EA601500EFF703 /* MAUdpConnection.m */; };
		BE33B39D17F600E00033EFDE /* NSData+Conversion.m in Sources */ = {isa = PBXBuildFile; fileRef = BE33B39C17F600E00033EFDE /* NSData+Conversion.m */; };
		BE33B3A017F602900033EFDE /* NSString+UrlEncoding.m in Sources */ = {isa = PBXBuildFile; fileRef = BE33B39F17F602900033EFDE /* NSString+UrlEncoding.m */; };
		BEC25CA817FA5F3E00735CFC /* MAApiConnection.m in Sources */ = {isa = PBXBuildFile; fileRef = BEC25CA717FA5F3E00735CFC /* MAApiConnection.m */; };
/* End PBXBuildFile section */

/* Begin PBXFileReference section */
		4FD71C79D415455F8DAB6718 /* libPods.a */ = {isa = PBXFileReference; explicitFileType = archive.ar; includeInIndex = 0; path = libPods.a; sourceTree = BUILT_PRODUCTS_DIR; };
		67EF21A8CF822FA5157F20CB /* MAConstants.m */ = {isa = PBXFileReference; fileEncoding = 4; lastKnownFileType = sourcecode.c.objc; path = MAConstants.m; sourceTree = "<group>"; };
		67EF22671CEFC3E013EFBD14 /* MAConstants.h */ = {isa = PBXFileReference; fileEncoding = 4; lastKnownFileType = sourcecode.c.h; path = MAConstants.h; sourceTree = "<group>"; };
		94A131CC17EB9CA500E1B15D /* MAGameManager.h */ = {isa = PBXFileReference; fileEncoding = 4; lastKnownFileType = sourcecode.c.h; path = MAGameManager.h; sourceTree = "<group>"; };
		94A131CD17EB9CA500E1B15D /* MAGameManager.m */ = {isa = PBXFileReference; fileEncoding = 4; lastKnownFileType = sourcecode.c.objc; path = MAGameManager.m; sourceTree = "<group>"; };
		94C6D22517EBB0F900F30187 /* CoreLocation.framework */ = {isa = PBXFileReference; lastKnownFileType = wrapper.framework; name = CoreLocation.framework; path = System/Library/Frameworks/CoreLocation.framework; sourceTree = SDKROOT; };
		94C6D22717EC0D2F00F30187 /* AVFoundation.framework */ = {isa = PBXFileReference; lastKnownFileType = wrapper.framework; name = AVFoundation.framework; path = System/Library/Frameworks/AVFoundation.framework; sourceTree = SDKROOT; };
		94C6D22917EC151000F30187 /* CoreImage.framework */ = {isa = PBXFileReference; lastKnownFileType = wrapper.framework; name = CoreImage.framework; path = System/Library/Frameworks/CoreImage.framework; sourceTree = SDKROOT; };
		94C6D22B17EC151B00F30187 /* CoreMedia.framework */ = {isa = PBXFileReference; lastKnownFileType = wrapper.framework; name = CoreMedia.framework; path = System/Library/Frameworks/CoreMedia.framework; sourceTree = SDKROOT; };
		94C6D22D17EC152E00F30187 /* CoreVideo.framework */ = {isa = PBXFileReference; lastKnownFileType = wrapper.framework; name = CoreVideo.framework; path = System/Library/Frameworks/CoreVideo.framework; sourceTree = SDKROOT; };
		94C6D22F17EC15AA00F30187 /* ImageIO.framework */ = {isa = PBXFileReference; lastKnownFileType = wrapper.framework; name = ImageIO.framework; path = System/Library/Frameworks/ImageIO.framework; sourceTree = SDKROOT; };
		94C6D23117EC15D000F30187 /* QuartzCore.framework */ = {isa = PBXFileReference; lastKnownFileType = wrapper.framework; name = QuartzCore.framework; path = System/Library/Frameworks/QuartzCore.framework; sourceTree = SDKROOT; };
		94D4D65B17F78EAD008E0F7A /* MACoinAnnotation.h */ = {isa = PBXFileReference; fileEncoding = 4; lastKnownFileType = sourcecode.c.h; path = MACoinAnnotation.h; sourceTree = "<group>"; };
		94D4D65C17F78EAD008E0F7A /* MACoinAnnotation.m */ = {isa = PBXFileReference; fileEncoding = 4; lastKnownFileType = sourcecode.c.objc; path = MACoinAnnotation.m; sourceTree = "<group>"; };
		94D4D65E17F79860008E0F7A /* MAPlayerAnnotation.h */ = {isa = PBXFileReference; fileEncoding = 4; lastKnownFileType = sourcecode.c.h; path = MAPlayerAnnotation.h; sourceTree = "<group>"; };
		94D4D65F17F79860008E0F7A /* MAPlayerAnnotation.m */ = {isa = PBXFileReference; fileEncoding = 4; lastKnownFileType = sourcecode.c.objc; path = MAPlayerAnnotation.m; sourceTree = "<group>"; };
		94D4D66117F79A6B008E0F7A /* Images.xcassets */ = {isa = PBXFileReference; lastKnownFileType = folder.assetcatalog; path = Images.xcassets; sourceTree = "<group>"; };
		94FDAF0917F2245C00D284D4 /* MAGameListCell.h */ = {isa = PBXFileReference; fileEncoding = 4; lastKnownFileType = sourcecode.c.h; path = MAGameListCell.h; sourceTree = "<group>"; };
		94FDAF0A17F2245C00D284D4 /* MAGameListCell.m */ = {isa = PBXFileReference; fileEncoding = 4; lastKnownFileType = sourcecode.c.objc; path = MAGameListCell.m; sourceTree = "<group>"; };
		94FDAF0C17F236C100D284D4 /* MapKit.framework */ = {isa = PBXFileReference; lastKnownFileType = wrapper.framework; name = MapKit.framework; path = System/Library/Frameworks/MapKit.framework; sourceTree = SDKROOT; };
		94FDAF0F17F4A60B00D284D4 /* karla.otf */ = {isa = PBXFileReference; lastKnownFileType = file; path = karla.otf; sourceTree = "<group>"; };
		94FDAF1017F4A60B00D284D4 /* lovebit.ttf */ = {isa = PBXFileReference; lastKnownFileType = file; path = lovebit.ttf; sourceTree = "<group>"; };
		94FDAF1117F4A60B00D284D4 /* mensch.ttf */ = {isa = PBXFileReference; lastKnownFileType = file; path = mensch.ttf; sourceTree = "<group>"; };
		94FDAF1E17F5660E00D284D4 /* MALovebitTextField.h */ = {isa = PBXFileReference; fileEncoding = 4; lastKnownFileType = sourcecode.c.h; path = MALovebitTextField.h; sourceTree = "<group>"; };
		94FDAF1F17F5660E00D284D4 /* MALovebitTextField.m */ = {isa = PBXFileReference; fileEncoding = 4; lastKnownFileType = sourcecode.c.objc; path = MALovebitTextField.m; sourceTree = "<group>"; };
		BD69CBC117EA68B900E63C71 /* MANearbyGamesViewController.h */ = {isa = PBXFileReference; fileEncoding = 4; lastKnownFileType = sourcecode.c.h; path = MANearbyGamesViewController.h; sourceTree = "<group>"; };
		BD69CBC217EA68B900E63C71 /* MANearbyGamesViewController.m */ = {isa = PBXFileReference; fileEncoding = 4; lastKnownFileType = sourcecode.c.objc; path = MANearbyGamesViewController.m; sourceTree = "<group>"; };
		BD69CBCD17EA695B00E63C71 /* MALaunchViewController.h */ = {isa = PBXFileReference; fileEncoding = 4; lastKnownFileType = sourcecode.c.h; path = MALaunchViewController.h; sourceTree = "<group>"; };
		BD69CBCE17EA695B00E63C71 /* MALaunchViewController.m */ = {isa = PBXFileReference; fileEncoding = 4; lastKnownFileType = sourcecode.c.objc; path = MALaunchViewController.m; sourceTree = "<group>"; };
		BD69CBD017EA69D200E63C71 /* MAHelpViewController.h */ = {isa = PBXFileReference; fileEncoding = 4; lastKnownFileType = sourcecode.c.h; path = MAHelpViewController.h; sourceTree = "<group>"; };
		BD69CBD117EA69D200E63C71 /* MAHelpViewController.m */ = {isa = PBXFileReference; fileEncoding = 4; lastKnownFileType = sourcecode.c.objc; path = MAHelpViewController.m; sourceTree = "<group>"; };
		BD69CBD317EA6B9C00E63C71 /* MAGameViewController.h */ = {isa = PBXFileReference; fileEncoding = 4; lastKnownFileType = sourcecode.c.h; path = MAGameViewController.h; sourceTree = "<group>"; };
		BD69CBD417EA6B9C00E63C71 /* MAGameViewController.m */ = {isa = PBXFileReference; fileEncoding = 4; lastKnownFileType = sourcecode.c.objc; path = MAGameViewController.m; sourceTree = "<group>"; };
		BDADFD6217EA41C000CB11B8 /* MapAttack.app */ = {isa = PBXFileReference; explicitFileType = wrapper.application; includeInIndex = 0; path = MapAttack.app; sourceTree = BUILT_PRODUCTS_DIR; };
		BDADFD6517EA41C000CB11B8 /* UIKit.framework */ = {isa = PBXFileReference; lastKnownFileType = wrapper.framework; name = UIKit.framework; path = System/Library/Frameworks/UIKit.framework; sourceTree = SDKROOT; };
		BDADFD6717EA41C000CB11B8 /* Foundation.framework */ = {isa = PBXFileReference; lastKnownFileType = wrapper.framework; name = Foundation.framework; path = System/Library/Frameworks/Foundation.framework; sourceTree = SDKROOT; };
		BDADFD6917EA41C000CB11B8 /* CoreGraphics.framework */ = {isa = PBXFileReference; lastKnownFileType = wrapper.framework; name = CoreGraphics.framework; path = System/Library/Frameworks/CoreGraphics.framework; sourceTree = SDKROOT; };
		BDADFD6D17EA41C000CB11B8 /* Mapattack-iOS-Info.plist */ = {isa = PBXFileReference; lastKnownFileType = text.plist.xml; path = "Mapattack-iOS-Info.plist"; sourceTree = "<group>"; };
		BDADFD6F17EA41C000CB11B8 /* en */ = {isa = PBXFileReference; lastKnownFileType = text.plist.strings; name = en; path = en.lproj/InfoPlist.strings; sourceTree = "<group>"; };
		BDADFD7117EA41C000CB11B8 /* main.m */ = {isa = PBXFileReference; lastKnownFileType = sourcecode.c.objc; path = main.m; sourceTree = "<group>"; };
		BDADFD7317EA41C000CB11B8 /* Mapattack-iOS-Prefix.pch */ = {isa = PBXFileReference; lastKnownFileType = sourcecode.c.h; path = "Mapattack-iOS-Prefix.pch"; sourceTree = "<group>"; };
		BDADFD7417EA41C000CB11B8 /* MAAppDelegate.h */ = {isa = PBXFileReference; lastKnownFileType = sourcecode.c.h; path = MAAppDelegate.h; sourceTree = "<group>"; };
		BDADFD7517EA41C000CB11B8 /* MAAppDelegate.m */ = {isa = PBXFileReference; lastKnownFileType = sourcecode.c.objc; path = MAAppDelegate.m; sourceTree = "<group>"; };
		BDADFD7717EA41C000CB11B8 /* Default.png */ = {isa = PBXFileReference; lastKnownFileType = image.png; path = Default.png; sourceTree = "<group>"; };
		BDADFD7917EA41C000CB11B8 /* Default@2x.png */ = {isa = PBXFileReference; lastKnownFileType = image.png; path = "Default@2x.png"; sourceTree = "<group>"; };
		BDADFD7B17EA41C000CB11B8 /* Default-568h@2x.png */ = {isa = PBXFileReference; lastKnownFileType = image.png; path = "Default-568h@2x.png"; sourceTree = "<group>"; };
		BDADFD7E17EA41C000CB11B8 /* en */ = {isa = PBXFileReference; lastKnownFileType = file.storyboard; name = en; path = en.lproj/MainStoryboard.storyboard; sourceTree = "<group>"; };
		BDADFD8917EA41C000CB11B8 /* SenTestingKit.framework */ = {isa = PBXFileReference; lastKnownFileType = wrapper.framework; name = SenTestingKit.framework; path = Library/Frameworks/SenTestingKit.framework; sourceTree = DEVELOPER_DIR; };
		BE2228E517EA601500EFF703 /* MAUdpConnection.h */ = {isa = PBXFileReference; fileEncoding = 4; lastKnownFileType = sourcecode.c.h; path = MAUdpConnection.h; sourceTree = "<group>"; };
		BE2228E617EA601500EFF703 /* MAUdpConnection.m */ = {isa = PBXFileReference; fileEncoding = 4; lastKnownFileType = sourcecode.c.objc; path = MAUdpConnection.m; sourceTree = "<group>"; };
		BE33B39B17F600E00033EFDE /* NSData+Conversion.h */ = {isa = PBXFileReference; fileEncoding = 4; lastKnownFileType = sourcecode.c.h; name = "NSData+Conversion.h"; path = "ext/NSData+Conversion.h"; sourceTree = "<group>"; };
		BE33B39C17F600E00033EFDE /* NSData+Conversion.m */ = {isa = PBXFileReference; fileEncoding = 4; lastKnownFileType = sourcecode.c.objc; name = "NSData+Conversion.m"; path = "ext/NSData+Conversion.m"; sourceTree = "<group>"; };
		BE33B39E17F602900033EFDE /* NSString+UrlEncoding.h */ = {isa = PBXFileReference; fileEncoding = 4; lastKnownFileType = sourcecode.c.h; name = "NSString+UrlEncoding.h"; path = "ext/NSString+UrlEncoding.h"; sourceTree = "<group>"; };
		BE33B39F17F602900033EFDE /* NSString+UrlEncoding.m */ = {isa = PBXFileReference; fileEncoding = 4; lastKnownFileType = sourcecode.c.objc; name = "NSString+UrlEncoding.m"; path = "ext/NSString+UrlEncoding.m"; sourceTree = "<group>"; };
		BEC25CA617FA5F3E00735CFC /* MAApiConnection.h */ = {isa = PBXFileReference; fileEncoding = 4; lastKnownFileType = sourcecode.c.h; path = MAApiConnection.h; sourceTree = "<group>"; };
		BEC25CA717FA5F3E00735CFC /* MAApiConnection.m */ = {isa = PBXFileReference; fileEncoding = 4; lastKnownFileType = sourcecode.c.objc; path = MAApiConnection.m; sourceTree = "<group>"; };
		D684CAF86B57428AAC1DD2D9 /* Pods.xcconfig */ = {isa = PBXFileReference; includeInIndex = 1; lastKnownFileType = text.xcconfig; name = Pods.xcconfig; path = Pods/Pods.xcconfig; sourceTree = "<group>"; };
		FA0CF42F17F685ED000A1CFE /* Portland.gpx */ = {isa = PBXFileReference; fileEncoding = 4; lastKnownFileType = text.xml; path = Portland.gpx; sourceTree = "<group>"; };
/* End PBXFileReference section */

/* Begin PBXFrameworksBuildPhase section */
		BDADFD5F17EA41C000CB11B8 /* Frameworks */ = {
			isa = PBXFrameworksBuildPhase;
			buildActionMask = 2147483647;
			files = (
				94FDAF0D17F236C100D284D4 /* MapKit.framework in Frameworks */,
				94C6D23217EC15D000F30187 /* QuartzCore.framework in Frameworks */,
				94C6D23017EC15AA00F30187 /* ImageIO.framework in Frameworks */,
				94C6D22E17EC152E00F30187 /* CoreVideo.framework in Frameworks */,
				94C6D22C17EC151B00F30187 /* CoreMedia.framework in Frameworks */,
				94C6D22A17EC151000F30187 /* CoreImage.framework in Frameworks */,
				94C6D22817EC0D2F00F30187 /* AVFoundation.framework in Frameworks */,
				94C6D22617EBB0F900F30187 /* CoreLocation.framework in Frameworks */,
				BDADFD6617EA41C000CB11B8 /* UIKit.framework in Frameworks */,
				BDADFD6817EA41C000CB11B8 /* Foundation.framework in Frameworks */,
				BDADFD6A17EA41C000CB11B8 /* CoreGraphics.framework in Frameworks */,
				55C3C3CFC6C84F488572B570 /* libPods.a in Frameworks */,
			);
			runOnlyForDeploymentPostprocessing = 0;
		};
/* End PBXFrameworksBuildPhase section */

/* Begin PBXGroup section */
		94A131CB17EB9B7B00E1B15D /* Interface */ = {
			isa = PBXGroup;
			children = (
				94D4D65A17F78E54008E0F7A /* Annotations */,
				BD69CBC117EA68B900E63C71 /* MANearbyGamesViewController.h */,
				BD69CBC217EA68B900E63C71 /* MANearbyGamesViewController.m */,
				BDADFD7D17EA41C000CB11B8 /* MainStoryboard.storyboard */,
				94FDAF0917F2245C00D284D4 /* MAGameListCell.h */,
				94FDAF0A17F2245C00D284D4 /* MAGameListCell.m */,
				BD69CBCD17EA695B00E63C71 /* MALaunchViewController.h */,
				BD69CBCE17EA695B00E63C71 /* MALaunchViewController.m */,
				BD69CBD017EA69D200E63C71 /* MAHelpViewController.h */,
				BD69CBD117EA69D200E63C71 /* MAHelpViewController.m */,
				BD69CBD317EA6B9C00E63C71 /* MAGameViewController.h */,
				BD69CBD417EA6B9C00E63C71 /* MAGameViewController.m */,
				94FDAF1E17F5660E00D284D4 /* MALovebitTextField.h */,
				94FDAF1F17F5660E00D284D4 /* MALovebitTextField.m */,
			);
			name = Interface;
			sourceTree = "<group>";
		};
		94D4D65A17F78E54008E0F7A /* Annotations */ = {
			isa = PBXGroup;
			children = (
				94D4D65B17F78EAD008E0F7A /* MACoinAnnotation.h */,
				94D4D65C17F78EAD008E0F7A /* MACoinAnnotation.m */,
				94D4D65E17F79860008E0F7A /* MAPlayerAnnotation.h */,
				94D4D65F17F79860008E0F7A /* MAPlayerAnnotation.m */,
			);
			name = Annotations;
			sourceTree = "<group>";
		};
		94FDAF0E17F4A60B00D284D4 /* fonts */ = {
			isa = PBXGroup;
			children = (
				94FDAF0F17F4A60B00D284D4 /* karla.otf */,
				94FDAF1017F4A60B00D284D4 /* lovebit.ttf */,
				94FDAF1117F4A60B00D284D4 /* mensch.ttf */,
			);
			path = fonts;
			sourceTree = "<group>";
		};
		BDADFD5917EA41C000CB11B8 = {
			isa = PBXGroup;
			children = (
				BDADFD6B17EA41C000CB11B8 /* Mapattack-iOS */,
				BDADFD6417EA41C000CB11B8 /* Frameworks */,
				BDADFD6317EA41C000CB11B8 /* Products */,
				D684CAF86B57428AAC1DD2D9 /* Pods.xcconfig */,
			);
			sourceTree = "<group>";
		};
		BDADFD6317EA41C000CB11B8 /* Products */ = {
			isa = PBXGroup;
			children = (
				BDADFD6217EA41C000CB11B8 /* MapAttack.app */,
			);
			name = Products;
			sourceTree = "<group>";
		};
		BDADFD6417EA41C000CB11B8 /* Frameworks */ = {
			isa = PBXGroup;
			children = (
				94FDAF0C17F236C100D284D4 /* MapKit.framework */,
				94C6D23117EC15D000F30187 /* QuartzCore.framework */,
				94C6D22F17EC15AA00F30187 /* ImageIO.framework */,
				94C6D22D17EC152E00F30187 /* CoreVideo.framework */,
				94C6D22B17EC151B00F30187 /* CoreMedia.framework */,
				94C6D22917EC151000F30187 /* CoreImage.framework */,
				94C6D22717EC0D2F00F30187 /* AVFoundation.framework */,
				94C6D22517EBB0F900F30187 /* CoreLocation.framework */,
				BDADFD6517EA41C000CB11B8 /* UIKit.framework */,
				BDADFD6717EA41C000CB11B8 /* Foundation.framework */,
				BDADFD6917EA41C000CB11B8 /* CoreGraphics.framework */,
				BDADFD8917EA41C000CB11B8 /* SenTestingKit.framework */,
				4FD71C79D415455F8DAB6718 /* libPods.a */,
			);
			name = Frameworks;
			sourceTree = "<group>";
		};
		BDADFD6B17EA41C000CB11B8 /* Mapattack-iOS */ = {
			isa = PBXGroup;
			children = (
				BE33B39717F6006F0033EFDE /* ext */,
				BDADFD6C17EA41C000CB11B8 /* Supporting Files */,
				94A131CB17EB9B7B00E1B15D /* Interface */,
				BDADFD7417EA41C000CB11B8 /* MAAppDelegate.h */,
				BDADFD7517EA41C000CB11B8 /* MAAppDelegate.m */,
				BE2228E517EA601500EFF703 /* MAUdpConnection.h */,
				BE2228E617EA601500EFF703 /* MAUdpConnection.m */,
				94A131CC17EB9CA500E1B15D /* MAGameManager.h */,
				94A131CD17EB9CA500E1B15D /* MAGameManager.m */,
				67EF22671CEFC3E013EFBD14 /* MAConstants.h */,
				67EF21A8CF822FA5157F20CB /* MAConstants.m */,
				94D4D66117F79A6B008E0F7A /* Images.xcassets */,
				BEC25CA617FA5F3E00735CFC /* MAApiConnection.h */,
				BEC25CA717FA5F3E00735CFC /* MAApiConnection.m */,
			);
			path = "Mapattack-iOS";
			sourceTree = "<group>";
		};
		BDADFD6C17EA41C000CB11B8 /* Supporting Files */ = {
			isa = PBXGroup;
			children = (
				94FDAF0E17F4A60B00D284D4 /* fonts */,
				BDADFD6D17EA41C000CB11B8 /* Mapattack-iOS-Info.plist */,
				BDADFD6E17EA41C000CB11B8 /* InfoPlist.strings */,
				FA0CF42F17F685ED000A1CFE /* Portland.gpx */,
				BDADFD7117EA41C000CB11B8 /* main.m */,
				BDADFD7317EA41C000CB11B8 /* Mapattack-iOS-Prefix.pch */,
				BDADFD7717EA41C000CB11B8 /* Default.png */,
				BDADFD7917EA41C000CB11B8 /* Default@2x.png */,
				BDADFD7B17EA41C000CB11B8 /* Default-568h@2x.png */,
			);
			name = "Supporting Files";
			sourceTree = "<group>";
		};
		BE33B39717F6006F0033EFDE /* ext */ = {
			isa = PBXGroup;
			children = (
				BE33B39B17F600E00033EFDE /* NSData+Conversion.h */,
				BE33B39C17F600E00033EFDE /* NSData+Conversion.m */,
				BE33B39E17F602900033EFDE /* NSString+UrlEncoding.h */,
				BE33B39F17F602900033EFDE /* NSString+UrlEncoding.m */,
			);
			name = ext;
			sourceTree = "<group>";
		};
/* End PBXGroup section */

/* Begin PBXNativeTarget section */
		BDADFD6117EA41C000CB11B8 /* MapAttack */ = {
			isa = PBXNativeTarget;
			buildConfigurationList = BDADFD9A17EA41C000CB11B8 /* Build configuration list for PBXNativeTarget "MapAttack" */;
			buildPhases = (
				52E1803383C740E59BF009AA /* Check Pods Manifest.lock */,
				BDADFD5E17EA41C000CB11B8 /* Sources */,
				BDADFD5F17EA41C000CB11B8 /* Frameworks */,
				BDADFD6017EA41C000CB11B8 /* Resources */,
				25161A3755424325B540E27E /* Copy Pods Resources */,
			);
			buildRules = (
			);
			dependencies = (
			);
			name = MapAttack;
			productName = "Mapattack-iOS";
			productReference = BDADFD6217EA41C000CB11B8 /* MapAttack.app */;
			productType = "com.apple.product-type.application";
		};
/* End PBXNativeTarget section */

/* Begin PBXProject section */
		BDADFD5A17EA41C000CB11B8 /* Project object */ = {
			isa = PBXProject;
			attributes = {
				CLASSPREFIX = MA;
				LastUpgradeCheck = 0460;
				ORGANIZATIONNAME = Geoloqi;
				TargetAttributes = {
					BDADFD6117EA41C000CB11B8 = {
						DevelopmentTeam = Z7M43KXN32;
						SystemCapabilities = {
							com.apple.BackgroundModes = {
								enabled = 1;
							};
						};
					};
				};
			};
			buildConfigurationList = BDADFD5D17EA41C000CB11B8 /* Build configuration list for PBXProject "Mapattack-iOS" */;
			compatibilityVersion = "Xcode 3.2";
			developmentRegion = English;
			hasScannedForEncodings = 0;
			knownRegions = (
				en,
			);
			mainGroup = BDADFD5917EA41C000CB11B8;
			productRefGroup = BDADFD6317EA41C000CB11B8 /* Products */;
			projectDirPath = "";
			projectRoot = "";
			targets = (
				BDADFD6117EA41C000CB11B8 /* MapAttack */,
			);
		};
/* End PBXProject section */

/* Begin PBXResourcesBuildPhase section */
		BDADFD6017EA41C000CB11B8 /* Resources */ = {
			isa = PBXResourcesBuildPhase;
			buildActionMask = 2147483647;
			files = (
				94FDAF1417F4A60B00D284D4 /* mensch.ttf in Resources */,
				94D4D66217F79A6B008E0F7A /* Images.xcassets in Resources */,
				94FDAF1317F4A60B00D284D4 /* lovebit.ttf in Resources */,
				BDADFD7017EA41C000CB11B8 /* InfoPlist.strings in Resources */,
				BDADFD7817EA41C000CB11B8 /* Default.png in Resources */,
				BDADFD7A17EA41C000CB11B8 /* Default@2x.png in Resources */,
				BDADFD7C17EA41C000CB11B8 /* Default-568h@2x.png in Resources */,
				94FDAF1217F4A60B00D284D4 /* karla.otf in Resources */,
				BDADFD7F17EA41C000CB11B8 /* MainStoryboard.storyboard in Resources */,
			);
			runOnlyForDeploymentPostprocessing = 0;
		};
/* End PBXResourcesBuildPhase section */

/* Begin PBXShellScriptBuildPhase section */
		25161A3755424325B540E27E /* Copy Pods Resources */ = {
			isa = PBXShellScriptBuildPhase;
			buildActionMask = 2147483647;
			files = (
			);
			inputPaths = (
			);
			name = "Copy Pods Resources";
			outputPaths = (
			);
			runOnlyForDeploymentPostprocessing = 0;
			shellPath = /bin/sh;
			shellScript = "\"${SRCROOT}/Pods/Pods-resources.sh\"\n";
			showEnvVarsInLog = 0;
		};
		52E1803383C740E59BF009AA /* Check Pods Manifest.lock */ = {
			isa = PBXShellScriptBuildPhase;
			buildActionMask = 2147483647;
			files = (
			);
			inputPaths = (
			);
			name = "Check Pods Manifest.lock";
			outputPaths = (
			);
			runOnlyForDeploymentPostprocessing = 0;
			shellPath = /bin/sh;
			shellScript = "diff \"${PODS_ROOT}/../Podfile.lock\" \"${PODS_ROOT}/Manifest.lock\" > /dev/null\nif [[ $? != 0 ]] ; then\n    cat << EOM\nerror: The sandbox is not in sync with the Podfile.lock. Run 'pod install' or update your CocoaPods installation.\nEOM\n    exit 1\nfi\n";
			showEnvVarsInLog = 0;
		};
/* End PBXShellScriptBuildPhase section */

/* Begin PBXSourcesBuildPhase section */
		BDADFD5E17EA41C000CB11B8 /* Sources */ = {
			isa = PBXSourcesBuildPhase;
			buildActionMask = 2147483647;
			files = (
				94D4D65D17F78EAD008E0F7A /* MACoinAnnotation.m in Sources */,
				BD69CBCF17EA695B00E63C71 /* MALaunchViewController.m in Sources */,
				BE2228E717EA601500EFF703 /* MAUdpConnection.m in Sources */,
				BDADFD7217EA41C000CB11B8 /* main.m in Sources */,
				BEC25CA817FA5F3E00735CFC /* MAApiConnection.m in Sources */,
				BE33B39D17F600E00033EFDE /* NSData+Conversion.m in Sources */,
				94A131CE17EB9CA500E1B15D /* MAGameManager.m in Sources */,
				BE33B3A017F602900033EFDE /* NSString+UrlEncoding.m in Sources */,
				BD69CBD217EA69D200E63C71 /* MAHelpViewController.m in Sources */,
				94FDAF2017F5660F00D284D4 /* MALovebitTextField.m in Sources */,
				BD69CBC317EA68B900E63C71 /* MANearbyGamesViewController.m in Sources */,
				94D4D66017F79860008E0F7A /* MAPlayerAnnotation.m in Sources */,
				94FDAF0B17F2245C00D284D4 /* MAGameListCell.m in Sources */,
				BDADFD7617EA41C000CB11B8 /* MAAppDelegate.m in Sources */,
				BD69CBD517EA6B9C00E63C71 /* MAGameViewController.m in Sources */,
				67EF2A40EC9114F899AB701D /* MAConstants.m in Sources */,
			);
			runOnlyForDeploymentPostprocessing = 0;
		};
/* End PBXSourcesBuildPhase section */

/* Begin PBXVariantGroup section */
		BDADFD6E17EA41C000CB11B8 /* InfoPlist.strings */ = {
			isa = PBXVariantGroup;
			children = (
				BDADFD6F17EA41C000CB11B8 /* en */,
			);
			name = InfoPlist.strings;
			sourceTree = "<group>";
		};
		BDADFD7D17EA41C000CB11B8 /* MainStoryboard.storyboard */ = {
			isa = PBXVariantGroup;
			children = (
				BDADFD7E17EA41C000CB11B8 /* en */,
			);
			name = MainStoryboard.storyboard;
			sourceTree = "<group>";
		};
/* End PBXVariantGroup section */

/* Begin XCBuildConfiguration section */
		BDADFD9817EA41C000CB11B8 /* Debug */ = {
			isa = XCBuildConfiguration;
			buildSettings = {
				ALWAYS_SEARCH_USER_PATHS = NO;
				CLANG_CXX_LANGUAGE_STANDARD = "gnu++0x";
				CLANG_CXX_LIBRARY = "libc++";
				CLANG_ENABLE_OBJC_ARC = YES;
				CLANG_WARN_CONSTANT_CONVERSION = YES;
				CLANG_WARN_EMPTY_BODY = YES;
				CLANG_WARN_ENUM_CONVERSION = YES;
				CLANG_WARN_INT_CONVERSION = YES;
				CLANG_WARN__DUPLICATE_METHOD_MATCH = YES;
				"CODE_SIGN_IDENTITY[sdk=iphoneos*]" = "iPhone Developer";
				COPY_PHASE_STRIP = NO;
				GCC_C_LANGUAGE_STANDARD = gnu99;
				GCC_DYNAMIC_NO_PIC = NO;
				GCC_OPTIMIZATION_LEVEL = 0;
				GCC_PREPROCESSOR_DEFINITIONS = (
					"DEBUG=1",
					"$(inherited)",
				);
				GCC_SYMBOLS_PRIVATE_EXTERN = NO;
				GCC_WARN_ABOUT_RETURN_TYPE = YES;
				GCC_WARN_UNINITIALIZED_AUTOS = YES;
				GCC_WARN_UNUSED_VARIABLE = YES;
				IPHONEOS_DEPLOYMENT_TARGET = 7.0;
				ONLY_ACTIVE_ARCH = YES;
				PROVISIONING_PROFILE = MapAttackEsriPDX;
				SDKROOT = iphoneos;
				VALID_ARCHS = "armv7 armv7s";
			};
			name = Debug;
		};
		BDADFD9917EA41C000CB11B8 /* Release */ = {
			isa = XCBuildConfiguration;
			buildSettings = {
				ALWAYS_SEARCH_USER_PATHS = NO;
				CLANG_CXX_LANGUAGE_STANDARD = "gnu++0x";
				CLANG_CXX_LIBRARY = "libc++";
				CLANG_ENABLE_OBJC_ARC = YES;
				CLANG_WARN_CONSTANT_CONVERSION = YES;
				CLANG_WARN_EMPTY_BODY = YES;
				CLANG_WARN_ENUM_CONVERSION = YES;
				CLANG_WARN_INT_CONVERSION = YES;
				CLANG_WARN__DUPLICATE_METHOD_MATCH = YES;
				"CODE_SIGN_IDENTITY[sdk=iphoneos*]" = "iPhone Developer";
				COPY_PHASE_STRIP = YES;
				GCC_C_LANGUAGE_STANDARD = gnu99;
				GCC_WARN_ABOUT_RETURN_TYPE = YES;
				GCC_WARN_UNINITIALIZED_AUTOS = YES;
				GCC_WARN_UNUSED_VARIABLE = YES;
				IPHONEOS_DEPLOYMENT_TARGET = 7.0;
				OTHER_CFLAGS = "-DNS_BLOCK_ASSERTIONS=1";
				PROVISIONING_PROFILE = MapAttackEsriPDX;
				SDKROOT = iphoneos;
				VALIDATE_PRODUCT = YES;
				VALID_ARCHS = "armv7 armv7s";
			};
			name = Release;
		};
		BDADFD9B17EA41C000CB11B8 /* Debug */ = {
			isa = XCBuildConfiguration;
			baseConfigurationReference = D684CAF86B57428AAC1DD2D9 /* Pods.xcconfig */;
			buildSettings = {
				ASSETCATALOG_COMPILER_APPICON_NAME = AppIcon;
				ASSETCATALOG_COMPILER_LAUNCHIMAGE_NAME = MapAttackLaunchImage;
				CODE_SIGN_IDENTITY = "iPhone Developer";
				"CODE_SIGN_IDENTITY[sdk=iphoneos*]" = "iPhone Developer";
				GCC_PRECOMPILE_PREFIX_HEADER = YES;
				GCC_PREFIX_HEADER = "Mapattack-iOS/Mapattack-iOS-Prefix.pch";
				INFOPLIST_FILE = "Mapattack-iOS/Mapattack-iOS-Info.plist";
				IPHONEOS_DEPLOYMENT_TARGET = 7.0;
				PRODUCT_NAME = "$(TARGET_NAME)";
				PROVISIONING_PROFILE = "";
				VALID_ARCHS = "armv7 armv7s";
				WRAPPER_EXTENSION = app;
			};
			name = Debug;
		};
		BDADFD9C17EA41C000CB11B8 /* Release */ = {
			isa = XCBuildConfiguration;
			baseConfigurationReference = D684CAF86B57428AAC1DD2D9 /* Pods.xcconfig */;
			buildSettings = {
				ASSETCATALOG_COMPILER_APPICON_NAME = AppIcon;
				ASSETCATALOG_COMPILER_LAUNCHIMAGE_NAME = MapAttackLaunchImage;
				CODE_SIGN_IDENTITY = "iPhone Developer";
				"CODE_SIGN_IDENTITY[sdk=iphoneos*]" = "iPhone Developer";
				GCC_PRECOMPILE_PREFIX_HEADER = YES;
				GCC_PREFIX_HEADER = "Mapattack-iOS/Mapattack-iOS-Prefix.pch";
				INFOPLIST_FILE = "Mapattack-iOS/Mapattack-iOS-Info.plist";
				IPHONEOS_DEPLOYMENT_TARGET = 7.0;
				PRODUCT_NAME = "$(TARGET_NAME)";
				PROVISIONING_PROFILE = "";
				VALID_ARCHS = "armv7 armv7s";
				WRAPPER_EXTENSION = app;
			};
			name = Release;
		};
/* End XCBuildConfiguration section */

/* Begin XCConfigurationList section */
		BDADFD5D17EA41C000CB11B8 /* Build configuration list for PBXProject "Mapattack-iOS" */ = {
			isa = XCConfigurationList;
			buildConfigurations = (
				BDADFD9817EA41C000CB11B8 /* Debug */,
				BDADFD9917EA41C000CB11B8 /* Release */,
			);
			defaultConfigurationIsVisible = 0;
			defaultConfigurationName = Release;
		};
		BDADFD9A17EA41C000CB11B8 /* Build configuration list for PBXNativeTarget "MapAttack" */ = {
			isa = XCConfigurationList;
			buildConfigurations = (
				BDADFD9B17EA41C000CB11B8 /* Debug */,
				BDADFD9C17EA41C000CB11B8 /* Release */,
			);
			defaultConfigurationIsVisible = 0;
			defaultConfigurationName = Release;
		};
/* End XCConfigurationList section */
	};
	rootObject = BDADFD5A17EA41C000CB11B8 /* Project object */;
}
